
Microsoft Visual Studio Solution File, Format Version 12.00
# Visual Studio Version 16
VisualStudioVersion = 16.0.29326.143
MinimumVisualStudioVersion = 10.0.40219.1
Project("{FAE04EC0-301F-11D3-BF4B-00C04F79EFBC}") = "ConsoleApp1", "ConsoleApp1.csproj", "{8DB585E9-E58F-4A43-8869-92EDF01AE28C}"
EndProject
Global
	GlobalSection(SolutionConfigurationPlatforms) = preSolution
		Debug|Any CPU = Debug|Any CPU
		Release|Any CPU = Release|Any CPU
	EndGlobalSection
	GlobalSection(ProjectConfigurationPlatforms) = postSolution
		{8DB585E9-E58F-4A43-8869-92EDF01AE28C}.Debug|Any CPU.ActiveCfg = Debug|Any CPU
		{8DB585E9-E58F-4A43-8869-92EDF01AE28C}.Debug|Any CPU.Build.0 = Debug|Any CPU
		{8DB585E9-E58F-4A43-8869-92EDF01AE28C}.Release|Any CPU.ActiveCfg = Release|Any CPU
		{8DB585E9-E58F-4A43-8869-92EDF01AE28C}.Release|Any CPU.Build.0 = Release|Any CPU
	EndGlobalSection
	GlobalSection(SolutionProperties) = preSolution
		HideSolutionNode = FALSE
	EndGlobalSection
	GlobalSection(ExtensibilityGlobals) = postSolution
		SolutionGuid = {AF88A0AA-0B03-41E9-99AE-36E25F78FDC8}
	EndGlobalSection
EndGlobal
